// !$*UTF8*$!
{
	archiveVersion = 1;
	classes = {
	};
	objectVersion = 56;
	objects = {

/* Begin PBXBuildFile section */
		27B10ADF2B0ABDD100403F01 /* SmartWasteApp.swift in Sources */ = {isa = PBXBuildFile; fileRef = 27B10ADE2B0ABDD100403F01 /* SmartWasteApp.swift */; };
		27B10AE12B0ABDD100403F01 /* ContentView.swift in Sources */ = {isa = PBXBuildFile; fileRef = 27B10AE02B0ABDD100403F01 /* ContentView.swift */; };
		27B10AE32B0ABDD300403F01 /* Assets.xcassets in Resources */ = {isa = PBXBuildFile; fileRef = 27B10AE22B0ABDD300403F01 /* Assets.xcassets */; };
		27B10AE62B0ABDD300403F01 /* Preview Assets.xcassets in Resources */ = {isa = PBXBuildFile; fileRef = 27B10AE52B0ABDD300403F01 /* Preview Assets.xcassets */; };
		27B10AF52B0ABF7F00403F01 /* LoginView.swift in Sources */ = {isa = PBXBuildFile; fileRef = 27B10AF42B0ABF7F00403F01 /* LoginView.swift */; };
		27B10AF92B0AC72000403F01 /* InputView.swift in Sources */ = {isa = PBXBuildFile; fileRef = 27B10AF82B0AC72000403F01 /* InputView.swift */; };
		27B10AFB2B0AD74A00403F01 /* RegistrationView.swift in Sources */ = {isa = PBXBuildFile; fileRef = 27B10AFA2B0AD74A00403F01 /* RegistrationView.swift */; };
		27B10AFD2B0AD7C100403F01 /* RegisterInputView.swift in Sources */ = {isa = PBXBuildFile; fileRef = 27B10AFC2B0AD7C100403F01 /* RegisterInputView.swift */; };
		27B10AFF2B0AE5C100403F01 /* ProfileView.swift in Sources */ = {isa = PBXBuildFile; fileRef = 27B10AFE2B0AE5C100403F01 /* ProfileView.swift */; };
		27B10B012B0AE89200403F01 /* SettingsRowView.swift in Sources */ = {isa = PBXBuildFile; fileRef = 27B10B002B0AE89200403F01 /* SettingsRowView.swift */; };
		27B10B032B0AF68D00403F01 /* User.swift in Sources */ = {isa = PBXBuildFile; fileRef = 27B10B022B0AF68D00403F01 /* User.swift */; };
		27B10B052B0B06F300403F01 /* GoogleService-Info.plist in Resources */ = {isa = PBXBuildFile; fileRef = 27B10B042B0B06F200403F01 /* GoogleService-Info.plist */; };
		27B10B402B0B085000403F01 /* AuthViewModel.swift in Sources */ = {isa = PBXBuildFile; fileRef = 27B10B3F2B0B085000403F01 /* AuthViewModel.swift */; };
		27B10B7B2B0B0AD100403F01 /* FirebaseAnalytics in Frameworks */ = {isa = PBXBuildFile; productRef = 27B10B7A2B0B0AD100403F01 /* FirebaseAnalytics */; };
		27B10B7D2B0B0AD100403F01 /* FirebaseAnalyticsOnDeviceConversion in Frameworks */ = {isa = PBXBuildFile; productRef = 27B10B7C2B0B0AD100403F01 /* FirebaseAnalyticsOnDeviceConversion */; };
		27B10B7F2B0B0AD100403F01 /* FirebaseAnalyticsSwift in Frameworks */ = {isa = PBXBuildFile; productRef = 27B10B7E2B0B0AD100403F01 /* FirebaseAnalyticsSwift */; };
		27B10B812B0B0AD100403F01 /* FirebaseAnalyticsWithoutAdIdSupport in Frameworks */ = {isa = PBXBuildFile; productRef = 27B10B802B0B0AD100403F01 /* FirebaseAnalyticsWithoutAdIdSupport */; };
		27B10B832B0B0AD100403F01 /* FirebaseAuth in Frameworks */ = {isa = PBXBuildFile; productRef = 27B10B822B0B0AD100403F01 /* FirebaseAuth */; };
		27B10B852B0B0AD100403F01 /* FirebaseAuthCombine-Community in Frameworks */ = {isa = PBXBuildFile; productRef = 27B10B842B0B0AD100403F01 /* FirebaseAuthCombine-Community */; };
		27B10B872B0B0AD100403F01 /* FirebaseCrashlytics in Frameworks */ = {isa = PBXBuildFile; productRef = 27B10B862B0B0AD100403F01 /* FirebaseCrashlytics */; };
		27B10B892B0B0AD100403F01 /* FirebaseDatabase in Frameworks */ = {isa = PBXBuildFile; productRef = 27B10B882B0B0AD100403F01 /* FirebaseDatabase */; };
		27B10B8B2B0B0AD100403F01 /* FirebaseDatabaseSwift in Frameworks */ = {isa = PBXBuildFile; productRef = 27B10B8A2B0B0AD100403F01 /* FirebaseDatabaseSwift */; };
		27B10B8D2B0B0AD100403F01 /* FirebaseFirestore in Frameworks */ = {isa = PBXBuildFile; productRef = 27B10B8C2B0B0AD100403F01 /* FirebaseFirestore */; };
		27B10B8F2B0B0AD100403F01 /* FirebaseFirestoreCombine-Community in Frameworks */ = {isa = PBXBuildFile; productRef = 27B10B8E2B0B0AD100403F01 /* FirebaseFirestoreCombine-Community */; };
		27B10B912B0B0AD100403F01 /* FirebaseFirestoreSwift in Frameworks */ = {isa = PBXBuildFile; productRef = 27B10B902B0B0AD100403F01 /* FirebaseFirestoreSwift */; };
		27B10B932B0B0AD100403F01 /* FirebaseStorage in Frameworks */ = {isa = PBXBuildFile; productRef = 27B10B922B0B0AD100403F01 /* FirebaseStorage */; };
		27B10B952B0B0AD100403F01 /* FirebaseStorageCombine-Community in Frameworks */ = {isa = PBXBuildFile; productRef = 27B10B942B0B0AD100403F01 /* FirebaseStorageCombine-Community */; };
		27B10B992B195DF000403F01 /* TabBarView.swift in Sources */ = {isa = PBXBuildFile; fileRef = 27B10B982B195DF000403F01 /* TabBarView.swift */; };
		27B10BA42B20425200403F01 /* TabBarButton.swift in Sources */ = {isa = PBXBuildFile; fileRef = 27B10BA32B20425200403F01 /* TabBarButton.swift */; };
		27B10BA72B20486300403F01 /* DisplayView.swift in Sources */ = {isa = PBXBuildFile; fileRef = 27B10BA62B20486300403F01 /* DisplayView.swift */; };
/* End PBXBuildFile section */

/* Begin PBXFileReference section */
		27B10ADB2B0ABDD100403F01 /* SmartWaste.app */ = {isa = PBXFileReference; explicitFileType = wrapper.application; includeInIndex = 0; path = SmartWaste.app; sourceTree = BUILT_PRODUCTS_DIR; };
		27B10ADE2B0ABDD100403F01 /* SmartWasteApp.swift */ = {isa = PBXFileReference; lastKnownFileType = sourcecode.swift; path = SmartWasteApp.swift; sourceTree = "<group>"; };
		27B10AE02B0ABDD100403F01 /* ContentView.swift */ = {isa = PBXFileReference; lastKnownFileType = sourcecode.swift; path = ContentView.swift; sourceTree = "<group>"; };
		27B10AE22B0ABDD300403F01 /* Assets.xcassets */ = {isa = PBXFileReference; lastKnownFileType = folder.assetcatalog; path = Assets.xcassets; sourceTree = "<group>"; };
		27B10AE52B0ABDD300403F01 /* Preview Assets.xcassets */ = {isa = PBXFileReference; lastKnownFileType = folder.assetcatalog; path = "Preview Assets.xcassets"; sourceTree = "<group>"; };
		27B10AF42B0ABF7F00403F01 /* LoginView.swift */ = {isa = PBXFileReference; lastKnownFileType = sourcecode.swift; path = LoginView.swift; sourceTree = "<group>"; };
		27B10AF82B0AC72000403F01 /* InputView.swift */ = {isa = PBXFileReference; lastKnownFileType = sourcecode.swift; path = InputView.swift; sourceTree = "<group>"; };
		27B10AFA2B0AD74A00403F01 /* RegistrationView.swift */ = {isa = PBXFileReference; lastKnownFileType = sourcecode.swift; path = RegistrationView.swift; sourceTree = "<group>"; };
		27B10AFC2B0AD7C100403F01 /* RegisterInputView.swift */ = {isa = PBXFileReference; lastKnownFileType = sourcecode.swift; path = RegisterInputView.swift; sourceTree = "<group>"; };
		27B10AFE2B0AE5C100403F01 /* ProfileView.swift */ = {isa = PBXFileReference; lastKnownFileType = sourcecode.swift; path = ProfileView.swift; sourceTree = "<group>"; };
		27B10B002B0AE89200403F01 /* SettingsRowView.swift */ = {isa = PBXFileReference; lastKnownFileType = sourcecode.swift; path = SettingsRowView.swift; sourceTree = "<group>"; };
		27B10B022B0AF68D00403F01 /* User.swift */ = {isa = PBXFileReference; lastKnownFileType = sourcecode.swift; path = User.swift; sourceTree = "<group>"; };
		27B10B042B0B06F200403F01 /* GoogleService-Info.plist */ = {isa = PBXFileReference; fileEncoding = 4; lastKnownFileType = text.plist.xml; path = "GoogleService-Info.plist"; sourceTree = "<group>"; };
		27B10B3F2B0B085000403F01 /* AuthViewModel.swift */ = {isa = PBXFileReference; lastKnownFileType = sourcecode.swift; path = AuthViewModel.swift; sourceTree = "<group>"; };
		27B10B982B195DF000403F01 /* TabBarView.swift */ = {isa = PBXFileReference; lastKnownFileType = sourcecode.swift; path = TabBarView.swift; sourceTree = "<group>"; };
		27B10BA32B20425200403F01 /* TabBarButton.swift */ = {isa = PBXFileReference; lastKnownFileType = sourcecode.swift; path = TabBarButton.swift; sourceTree = "<group>"; };
		27B10BA62B20486300403F01 /* DisplayView.swift */ = {isa = PBXFileReference; lastKnownFileType = sourcecode.swift; path = DisplayView.swift; sourceTree = "<group>"; };
/* End PBXFileReference section */

/* Begin PBXFrameworksBuildPhase section */
		27B10AD82B0ABDD100403F01 /* Frameworks */ = {
			isa = PBXFrameworksBuildPhase;
			buildActionMask = 2147483647;
			files = (
				27B10B7F2B0B0AD100403F01 /* FirebaseAnalyticsSwift in Frameworks */,
				27B10B852B0B0AD100403F01 /* FirebaseAuthCombine-Community in Frameworks */,
				27B10B832B0B0AD100403F01 /* FirebaseAuth in Frameworks */,
				27B10B8D2B0B0AD100403F01 /* FirebaseFirestore in Frameworks */,
				27B10B8B2B0B0AD100403F01 /* FirebaseDatabaseSwift in Frameworks */,
				27B10B8F2B0B0AD100403F01 /* FirebaseFirestoreCombine-Community in Frameworks */,
				27B10B872B0B0AD100403F01 /* FirebaseCrashlytics in Frameworks */,
				27B10B7B2B0B0AD100403F01 /* FirebaseAnalytics in Frameworks */,
				27B10B952B0B0AD100403F01 /* FirebaseStorageCombine-Community in Frameworks */,
				27B10B932B0B0AD100403F01 /* FirebaseStorage in Frameworks */,
				27B10B7D2B0B0AD100403F01 /* FirebaseAnalyticsOnDeviceConversion in Frameworks */,
				27B10B892B0B0AD100403F01 /* FirebaseDatabase in Frameworks */,
				27B10B812B0B0AD100403F01 /* FirebaseAnalyticsWithoutAdIdSupport in Frameworks */,
				27B10B912B0B0AD100403F01 /* FirebaseFirestoreSwift in Frameworks */,
			);
			runOnlyForDeploymentPostprocessing = 0;
		};
/* End PBXFrameworksBuildPhase section */

/* Begin PBXGroup section */
		27B10AD22B0ABDD100403F01 = {
			isa = PBXGroup;
			children = (
				27B10ADD2B0ABDD100403F01 /* SmartWaste */,
				27B10ADC2B0ABDD100403F01 /* Products */,
			);
			sourceTree = "<group>";
		};
		27B10ADC2B0ABDD100403F01 /* Products */ = {
			isa = PBXGroup;
			children = (
				27B10ADB2B0ABDD100403F01 /* SmartWaste.app */,
			);
			name = Products;
			sourceTree = "<group>";
		};
		27B10ADD2B0ABDD100403F01 /* SmartWaste */ = {
			isa = PBXGroup;
			children = (
				27B10AF32B0ABEBC00403F01 /* Components */,
				27B10AEC2B0ABE3D00403F01 /* App */,
				27B10AED2B0ABE4A00403F01 /* Core */,
				27B10AEF2B0ABE6000403F01 /* Model */,
				27B10ADE2B0ABDD100403F01 /* SmartWasteApp.swift */,
				27B10AE22B0ABDD300403F01 /* Assets.xcassets */,
				27B10B042B0B06F200403F01 /* GoogleService-Info.plist */,
				27B10AE42B0ABDD300403F01 /* Preview Content */,
			);
			path = SmartWaste;
			sourceTree = "<group>";
		};
		27B10AE42B0ABDD300403F01 /* Preview Content */ = {
			isa = PBXGroup;
			children = (
				27B10AE52B0ABDD300403F01 /* Preview Assets.xcassets */,
			);
			path = "Preview Content";
			sourceTree = "<group>";
		};
		27B10AEC2B0ABE3D00403F01 /* App */ = {
			isa = PBXGroup;
			children = (
			);
			path = App;
			sourceTree = "<group>";
		};
		27B10AED2B0ABE4A00403F01 /* Core */ = {
			isa = PBXGroup;
			children = (
				27B10BA52B20484A00403F01 /* Display */,
				27B10B9A2B1FDC1400403F01 /* TabBar */,
				27B10B972B195DDD00403F01 /* Home */,
				27B10AF02B0ABEA000403F01 /* Authentication */,
				27B10AF12B0ABEA800403F01 /* Profile */,
				27B10AF22B0ABEAD00403F01 /* Root */,
			);
			path = Core;
			sourceTree = "<group>";
		};
		27B10AEF2B0ABE6000403F01 /* Model */ = {
			isa = PBXGroup;
			children = (
				27B10B022B0AF68D00403F01 /* User.swift */,
			);
			path = Model;
			sourceTree = "<group>";
		};
		27B10AF02B0ABEA000403F01 /* Authentication */ = {
			isa = PBXGroup;
			children = (
				27B10B3E2B0B082100403F01 /* ViewModel */,
				27B10B3D2B0B081200403F01 /* View */,
			);
			path = Authentication;
			sourceTree = "<group>";
		};
		27B10AF12B0ABEA800403F01 /* Profile */ = {
			isa = PBXGroup;
			children = (
				27B10AFE2B0AE5C100403F01 /* ProfileView.swift */,
			);
			path = Profile;
			sourceTree = "<group>";
		};
		27B10AF22B0ABEAD00403F01 /* Root */ = {
			isa = PBXGroup;
			children = (
				27B10AE02B0ABDD100403F01 /* ContentView.swift */,
			);
			path = Root;
			sourceTree = "<group>";
		};
		27B10AF32B0ABEBC00403F01 /* Components */ = {
			isa = PBXGroup;
			children = (
				27B10AF82B0AC72000403F01 /* InputView.swift */,
				27B10AFC2B0AD7C100403F01 /* RegisterInputView.swift */,
				27B10B002B0AE89200403F01 /* SettingsRowView.swift */,
				27B10BA32B20425200403F01 /* TabBarButton.swift */,
			);
			path = Components;
			sourceTree = "<group>";
		};
		27B10B3D2B0B081200403F01 /* View */ = {
			isa = PBXGroup;
			children = (
				27B10AF42B0ABF7F00403F01 /* LoginView.swift */,
				27B10AFA2B0AD74A00403F01 /* RegistrationView.swift */,
			);
			path = View;
			sourceTree = "<group>";
		};
		27B10B3E2B0B082100403F01 /* ViewModel */ = {
			isa = PBXGroup;
			children = (
				27B10B3F2B0B085000403F01 /* AuthViewModel.swift */,
			);
			path = ViewModel;
			sourceTree = "<group>";
		};
		27B10B972B195DDD00403F01 /* Home */ = {
			isa = PBXGroup;
			children = (
			);
			path = Home;
			sourceTree = "<group>";
		};
		27B10B9A2B1FDC1400403F01 /* TabBar */ = {
			isa = PBXGroup;
			children = (
				27B10B982B195DF000403F01 /* TabBarView.swift */,
			);
			path = TabBar;
			sourceTree = "<group>";
		};
		27B10BA52B20484A00403F01 /* Display */ = {
			isa = PBXGroup;
			children = (
				27B10BA62B20486300403F01 /* DisplayView.swift */,
			);
			path = Display;
			sourceTree = "<group>";
		};
/* End PBXGroup section */

/* Begin PBXNativeTarget section */
		27B10ADA2B0ABDD100403F01 /* SmartWaste */ = {
			isa = PBXNativeTarget;
			buildConfigurationList = 27B10AE92B0ABDD300403F01 /* Build configuration list for PBXNativeTarget "SmartWaste" */;
			buildPhases = (
				27B10AD72B0ABDD100403F01 /* Sources */,
				27B10AD82B0ABDD100403F01 /* Frameworks */,
				27B10AD92B0ABDD100403F01 /* Resources */,
			);
			buildRules = (
			);
			dependencies = (
			);
			name = SmartWaste;
			packageProductDependencies = (
				27B10B7A2B0B0AD100403F01 /* FirebaseAnalytics */,
				27B10B7C2B0B0AD100403F01 /* FirebaseAnalyticsOnDeviceConversion */,
				27B10B7E2B0B0AD100403F01 /* FirebaseAnalyticsSwift */,
				27B10B802B0B0AD100403F01 /* FirebaseAnalyticsWithoutAdIdSupport */,
				27B10B822B0B0AD100403F01 /* FirebaseAuth */,
				27B10B842B0B0AD100403F01 /* FirebaseAuthCombine-Community */,
				27B10B862B0B0AD100403F01 /* FirebaseCrashlytics */,
				27B10B882B0B0AD100403F01 /* FirebaseDatabase */,
				27B10B8A2B0B0AD100403F01 /* FirebaseDatabaseSwift */,
				27B10B8C2B0B0AD100403F01 /* FirebaseFirestore */,
				27B10B8E2B0B0AD100403F01 /* FirebaseFirestoreCombine-Community */,
				27B10B902B0B0AD100403F01 /* FirebaseFirestoreSwift */,
				27B10B922B0B0AD100403F01 /* FirebaseStorage */,
				27B10B942B0B0AD100403F01 /* FirebaseStorageCombine-Community */,
			);
			productName = SmartWaste;
			productReference = 27B10ADB2B0ABDD100403F01 /* SmartWaste.app */;
			productType = "com.apple.product-type.application";
		};
/* End PBXNativeTarget section */

/* Begin PBXProject section */
		27B10AD32B0ABDD100403F01 /* Project object */ = {
			isa = PBXProject;
			attributes = {
				BuildIndependentTargetsInParallel = 1;
				LastSwiftUpdateCheck = 1500;
				LastUpgradeCheck = 1500;
				TargetAttributes = {
					27B10ADA2B0ABDD100403F01 = {
						CreatedOnToolsVersion = 15.0.1;
					};
				};
			};
			buildConfigurationList = 27B10AD62B0ABDD100403F01 /* Build configuration list for PBXProject "SmartWaste" */;
			compatibilityVersion = "Xcode 14.0";
			developmentRegion = en;
			hasScannedForEncodings = 0;
			knownRegions = (
				en,
				Base,
			);
			mainGroup = 27B10AD22B0ABDD100403F01;
			packageReferences = (
				27B10B792B0B0AD100403F01 /* XCRemoteSwiftPackageReference "firebase-ios-sdk" */,
			);
			productRefGroup = 27B10ADC2B0ABDD100403F01 /* Products */;
			projectDirPath = "";
			projectRoot = "";
			targets = (
				27B10ADA2B0ABDD100403F01 /* SmartWaste */,
			);
		};
/* End PBXProject section */

/* Begin PBXResourcesBuildPhase section */
		27B10AD92B0ABDD100403F01 /* Resources */ = {
			isa = PBXResourcesBuildPhase;
			buildActionMask = 2147483647;
			files = (
				27B10AE62B0ABDD300403F01 /* Preview Assets.xcassets in Resources */,
				27B10AE32B0ABDD300403F01 /* Assets.xcassets in Resources */,
				27B10B052B0B06F300403F01 /* GoogleService-Info.plist in Resources */,
			);
			runOnlyForDeploymentPostprocessing = 0;
		};
/* End PBXResourcesBuildPhase section */

/* Begin PBXSourcesBuildPhase section */
		27B10AD72B0ABDD100403F01 /* Sources */ = {
			isa = PBXSourcesBuildPhase;
			buildActionMask = 2147483647;
			files = (
				27B10B402B0B085000403F01 /* AuthViewModel.swift in Sources */,
				27B10AFD2B0AD7C100403F01 /* RegisterInputView.swift in Sources */,
				27B10AF52B0ABF7F00403F01 /* LoginView.swift in Sources */,
				27B10BA42B20425200403F01 /* TabBarButton.swift in Sources */,
				27B10AF92B0AC72000403F01 /* InputView.swift in Sources */,
				27B10AE12B0ABDD100403F01 /* ContentView.swift in Sources */,
				27B10B992B195DF000403F01 /* TabBarView.swift in Sources */,
				27B10BA72B20486300403F01 /* DisplayView.swift in Sources */,
				27B10B012B0AE89200403F01 /* SettingsRowView.swift in Sources */,
				27B10B032B0AF68D00403F01 /* User.swift in Sources */,
				27B10ADF2B0ABDD100403F01 /* SmartWasteApp.swift in Sources */,
				27B10AFF2B0AE5C100403F01 /* ProfileView.swift in Sources */,
				27B10AFB2B0AD74A00403F01 /* RegistrationView.swift in Sources */,
			);
			runOnlyForDeploymentPostprocessing = 0;
		};
/* End PBXSourcesBuildPhase section */

/* Begin XCBuildConfiguration section */
		27B10AE72B0ABDD300403F01 /* Debug */ = {
			isa = XCBuildConfiguration;
			buildSettings = {
				ALWAYS_SEARCH_USER_PATHS = NO;
				ASSETCATALOG_COMPILER_GENERATE_SWIFT_ASSET_SYMBOL_EXTENSIONS = YES;
				CLANG_ANALYZER_NONNULL = YES;
				CLANG_ANALYZER_NUMBER_OBJECT_CONVERSION = YES_AGGRESSIVE;
				CLANG_CXX_LANGUAGE_STANDARD = "gnu++20";
				CLANG_ENABLE_MODULES = YES;
				CLANG_ENABLE_OBJC_ARC = YES;
				CLANG_ENABLE_OBJC_WEAK = YES;
				CLANG_WARN_BLOCK_CAPTURE_AUTORELEASING = YES;
				CLANG_WARN_BOOL_CONVERSION = YES;
				CLANG_WARN_COMMA = YES;
				CLANG_WARN_CONSTANT_CONVERSION = YES;
				CLANG_WARN_DEPRECATED_OBJC_IMPLEMENTATIONS = YES;
				CLANG_WARN_DIRECT_OBJC_ISA_USAGE = YES_ERROR;
				CLANG_WARN_DOCUMENTATION_COMMENTS = YES;
				CLANG_WARN_EMPTY_BODY = YES;
				CLANG_WARN_ENUM_CONVERSION = YES;
				CLANG_WARN_INFINITE_RECURSION = YES;
				CLANG_WARN_INT_CONVERSION = YES;
				CLANG_WARN_NON_LITERAL_NULL_CONVERSION = YES;
				CLANG_WARN_OBJC_IMPLICIT_RETAIN_SELF = YES;
				CLANG_WARN_OBJC_LITERAL_CONVERSION = YES;
				CLANG_WARN_OBJC_ROOT_CLASS = YES_ERROR;
				CLANG_WARN_QUOTED_INCLUDE_IN_FRAMEWORK_HEADER = YES;
				CLANG_WARN_RANGE_LOOP_ANALYSIS = YES;
				CLANG_WARN_STRICT_PROTOTYPES = YES;
				CLANG_WARN_SUSPICIOUS_MOVE = YES;
				CLANG_WARN_UNGUARDED_AVAILABILITY = YES_AGGRESSIVE;
				CLANG_WARN_UNREACHABLE_CODE = YES;
				CLANG_WARN__DUPLICATE_METHOD_MATCH = YES;
				COPY_PHASE_STRIP = NO;
				DEBUG_INFORMATION_FORMAT = dwarf;
				ENABLE_STRICT_OBJC_MSGSEND = YES;
				ENABLE_TESTABILITY = YES;
				ENABLE_USER_SCRIPT_SANDBOXING = YES;
				GCC_C_LANGUAGE_STANDARD = gnu17;
				GCC_DYNAMIC_NO_PIC = NO;
				GCC_NO_COMMON_BLOCKS = YES;
				GCC_OPTIMIZATION_LEVEL = 0;
				GCC_PREPROCESSOR_DEFINITIONS = (
					"DEBUG=1",
					"$(inherited)",
				);
				GCC_WARN_64_TO_32_BIT_CONVERSION = YES;
				GCC_WARN_ABOUT_RETURN_TYPE = YES_ERROR;
				GCC_WARN_UNDECLARED_SELECTOR = YES;
				GCC_WARN_UNINITIALIZED_AUTOS = YES_AGGRESSIVE;
				GCC_WARN_UNUSED_FUNCTION = YES;
				GCC_WARN_UNUSED_VARIABLE = YES;
				IPHONEOS_DEPLOYMENT_TARGET = 17.0;
				LOCALIZATION_PREFERS_STRING_CATALOGS = YES;
				MTL_ENABLE_DEBUG_INFO = INCLUDE_SOURCE;
				MTL_FAST_MATH = YES;
				ONLY_ACTIVE_ARCH = YES;
				SDKROOT = iphoneos;
				SWIFT_ACTIVE_COMPILATION_CONDITIONS = "DEBUG $(inherited)";
				SWIFT_OPTIMIZATION_LEVEL = "-Onone";
			};
			name = Debug;
		};
		27B10AE82B0ABDD300403F01 /* Release */ = {
			isa = XCBuildConfiguration;
			buildSettings = {
				ALWAYS_SEARCH_USER_PATHS = NO;
				ASSETCATALOG_COMPILER_GENERATE_SWIFT_ASSET_SYMBOL_EXTENSIONS = YES;
				CLANG_ANALYZER_NONNULL = YES;
				CLANG_ANALYZER_NUMBER_OBJECT_CONVERSION = YES_AGGRESSIVE;
				CLANG_CXX_LANGUAGE_STANDARD = "gnu++20";
				CLANG_ENABLE_MODULES = YES;
				CLANG_ENABLE_OBJC_ARC = YES;
				CLANG_ENABLE_OBJC_WEAK = YES;
				CLANG_WARN_BLOCK_CAPTURE_AUTORELEASING = YES;
				CLANG_WARN_BOOL_CONVERSION = YES;
				CLANG_WARN_COMMA = YES;
				CLANG_WARN_CONSTANT_CONVERSION = YES;
				CLANG_WARN_DEPRECATED_OBJC_IMPLEMENTATIONS = YES;
				CLANG_WARN_DIRECT_OBJC_ISA_USAGE = YES_ERROR;
				CLANG_WARN_DOCUMENTATION_COMMENTS = YES;
				CLANG_WARN_EMPTY_BODY = YES;
				CLANG_WARN_ENUM_CONVERSION = YES;
				CLANG_WARN_INFINITE_RECURSION = YES;
				CLANG_WARN_INT_CONVERSION = YES;
				CLANG_WARN_NON_LITERAL_NULL_CONVERSION = YES;
				CLANG_WARN_OBJC_IMPLICIT_RETAIN_SELF = YES;
				CLANG_WARN_OBJC_LITERAL_CONVERSION = YES;
				CLANG_WARN_OBJC_ROOT_CLASS = YES_ERROR;
				CLANG_WARN_QUOTED_INCLUDE_IN_FRAMEWORK_HEADER = YES;
				CLANG_WARN_RANGE_LOOP_ANALYSIS = YES;
				CLANG_WARN_STRICT_PROTOTYPES = YES;
				CLANG_WARN_SUSPICIOUS_MOVE = YES;
				CLANG_WARN_UNGUARDED_AVAILABILITY = YES_AGGRESSIVE;
				CLANG_WARN_UNREACHABLE_CODE = YES;
				CLANG_WARN__DUPLICATE_METHOD_MATCH = YES;
				COPY_PHASE_STRIP = NO;
				DEBUG_INFORMATION_FORMAT = "dwarf-with-dsym";
				ENABLE_NS_ASSERTIONS = NO;
				ENABLE_STRICT_OBJC_MSGSEND = YES;
				ENABLE_USER_SCRIPT_SANDBOXING = YES;
				GCC_C_LANGUAGE_STANDARD = gnu17;
				GCC_NO_COMMON_BLOCKS = YES;
				GCC_WARN_64_TO_32_BIT_CONVERSION = YES;
				GCC_WARN_ABOUT_RETURN_TYPE = YES_ERROR;
				GCC_WARN_UNDECLARED_SELECTOR = YES;
				GCC_WARN_UNINITIALIZED_AUTOS = YES_AGGRESSIVE;
				GCC_WARN_UNUSED_FUNCTION = YES;
				GCC_WARN_UNUSED_VARIABLE = YES;
				IPHONEOS_DEPLOYMENT_TARGET = 17.0;
				LOCALIZATION_PREFERS_STRING_CATALOGS = YES;
				MTL_ENABLE_DEBUG_INFO = NO;
				MTL_FAST_MATH = YES;
				SDKROOT = iphoneos;
				SWIFT_COMPILATION_MODE = wholemodule;
				VALIDATE_PRODUCT = YES;
			};
			name = Release;
		};
		27B10AEA2B0ABDD300403F01 /* Debug */ = {
			isa = XCBuildConfiguration;
			buildSettings = {
				ASSETCATALOG_COMPILER_APPICON_NAME = AppIcon;
				ASSETCATALOG_COMPILER_GLOBAL_ACCENT_COLOR_NAME = AccentColor;
				CODE_SIGN_STYLE = Automatic;
				CURRENT_PROJECT_VERSION = 1;
				DEVELOPMENT_ASSET_PATHS = "\"SmartWaste/Preview Content\"";
				DEVELOPMENT_TEAM = GKUTQ5NGWT;
				ENABLE_PREVIEWS = YES;
				GENERATE_INFOPLIST_FILE = YES;
				INFOPLIST_KEY_UIApplicationSceneManifest_Generation = YES;
				INFOPLIST_KEY_UIApplicationSupportsIndirectInputEvents = YES;
				INFOPLIST_KEY_UILaunchScreen_Generation = YES;
				INFOPLIST_KEY_UISupportedInterfaceOrientations_iPad = "UIInterfaceOrientationPortrait UIInterfaceOrientationPortraitUpsideDown UIInterfaceOrientationLandscapeLeft UIInterfaceOrientationLandscapeRight";
				INFOPLIST_KEY_UISupportedInterfaceOrientations_iPhone = "UIInterfaceOrientationPortrait UIInterfaceOrientationLandscapeLeft UIInterfaceOrientationLandscapeRight";
				LD_RUNPATH_SEARCH_PATHS = (
					"$(inherited)",
					"@executable_path/Frameworks",
				);
				MARKETING_VERSION = 1.0;
				PRODUCT_BUNDLE_IDENTIFIER = com.neilgibson.SmartWaste;
				PRODUCT_NAME = "$(TARGET_NAME)";
				SWIFT_EMIT_LOC_STRINGS = YES;
				SWIFT_VERSION = 5.0;
				TARGETED_DEVICE_FAMILY = "1,2";
			};
			name = Debug;
		};
		27B10AEB2B0ABDD300403F01 /* Release */ = {
			isa = XCBuildConfiguration;
			buildSettings = {
				ASSETCATALOG_COMPILER_APPICON_NAME = AppIcon;
				ASSETCATALOG_COMPILER_GLOBAL_ACCENT_COLOR_NAME = AccentColor;
				CODE_SIGN_STYLE = Automatic;
				CURRENT_PROJECT_VERSION = 1;
				DEVELOPMENT_ASSET_PATHS = "\"SmartWaste/Preview Content\"";
				DEVELOPMENT_TEAM = GKUTQ5NGWT;
				ENABLE_PREVIEWS = YES;
				GENERATE_INFOPLIST_FILE = YES;
				INFOPLIST_KEY_UIApplicationSceneManifest_Generation = YES;
				INFOPLIST_KEY_UIApplicationSupportsIndirectInputEvents = YES;
				INFOPLIST_KEY_UILaunchScreen_Generation = YES;
				INFOPLIST_KEY_UISupportedInterfaceOrientations_iPad = "UIInterfaceOrientationPortrait UIInterfaceOrientationPortraitUpsideDown UIInterfaceOrientationLandscapeLeft UIInterfaceOrientationLandscapeRight";
				INFOPLIST_KEY_UISupportedInterfaceOrientations_iPhone = "UIInterfaceOrientationPortrait UIInterfaceOrientationLandscapeLeft UIInterfaceOrientationLandscapeRight";
				LD_RUNPATH_SEARCH_PATHS = (
					"$(inherited)",
					"@executable_path/Frameworks",
				);
				MARKETING_VERSION = 1.0;
				PRODUCT_BUNDLE_IDENTIFIER = com.neilgibson.SmartWaste;
				PRODUCT_NAME = "$(TARGET_NAME)";
				SWIFT_EMIT_LOC_STRINGS = YES;
				SWIFT_VERSION = 5.0;
				TARGETED_DEVICE_FAMILY = "1,2";
			};
			name = Release;
		};
/* End XCBuildConfiguration section */

/* Begin XCConfigurationList section */
		27B10AD62B0ABDD100403F01 /* Build configuration list for PBXProject "SmartWaste" */ = {
			isa = XCConfigurationList;
			buildConfigurations = (
				27B10AE72B0ABDD300403F01 /* Debug */,
				27B10AE82B0ABDD300403F01 /* Release */,
			);
			defaultConfigurationIsVisible = 0;
			defaultConfigurationName = Release;
		};
		27B10AE92B0ABDD300403F01 /* Build configuration list for PBXNativeTarget "SmartWaste" */ = {
			isa = XCConfigurationList;
			buildConfigurations = (
				27B10AEA2B0ABDD300403F01 /* Debug */,
				27B10AEB2B0ABDD300403F01 /* Release */,
			);
			defaultConfigurationIsVisible = 0;
			defaultConfigurationName = Release;
		};
/* End XCConfigurationList section */

/* Begin XCRemoteSwiftPackageReference section */
		27B10B792B0B0AD100403F01 /* XCRemoteSwiftPackageReference "firebase-ios-sdk" */ = {
			isa = XCRemoteSwiftPackageReference;
			repositoryURL = "https://github.com/firebase/firebase-ios-sdk";
			requirement = {
				kind = upToNextMajorVersion;
				minimumVersion = 10.18.0;
			};
		};
/* End XCRemoteSwiftPackageReference section */

/* Begin XCSwiftPackageProductDependency section */
		27B10B7A2B0B0AD100403F01 /* FirebaseAnalytics */ = {
			isa = XCSwiftPackageProductDependency;
			package = 27B10B792B0B0AD100403F01 /* XCRemoteSwiftPackageReference "firebase-ios-sdk" */;
			productName = FirebaseAnalytics;
		};
		27B10B7C2B0B0AD100403F01 /* FirebaseAnalyticsOnDeviceConversion */ = {
			isa = XCSwiftPackageProductDependency;
			package = 27B10B792B0B0AD100403F01 /* XCRemoteSwiftPackageReference "firebase-ios-sdk" */;
			productName = FirebaseAnalyticsOnDeviceConversion;
		};
		27B10B7E2B0B0AD100403F01 /* FirebaseAnalyticsSwift */ = {
			isa = XCSwiftPackageProductDependency;
			package = 27B10B792B0B0AD100403F01 /* XCRemoteSwiftPackageReference "firebase-ios-sdk" */;
			productName = FirebaseAnalyticsSwift;
		};
		27B10B802B0B0AD100403F01 /* FirebaseAnalyticsWithoutAdIdSupport */ = {
			isa = XCSwiftPackageProductDependency;
			package = 27B10B792B0B0AD100403F01 /* XCRemoteSwiftPackageReference "firebase-ios-sdk" */;
			productName = FirebaseAnalyticsWithoutAdIdSupport;
		};
		27B10B822B0B0AD100403F01 /* FirebaseAuth */ = {
			isa = XCSwiftPackageProductDependency;
			package = 27B10B792B0B0AD100403F01 /* XCRemoteSwiftPackageReference "firebase-ios-sdk" */;
			productName = FirebaseAuth;
		};
		27B10B842B0B0AD100403F01 /* FirebaseAuthCombine-Community */ = {
			isa = XCSwiftPackageProductDependency;
			package = 27B10B792B0B0AD100403F01 /* XCRemoteSwiftPackageReference "firebase-ios-sdk" */;
			productName = "FirebaseAuthCombine-Community";
		};
		27B10B862B0B0AD100403F01 /* FirebaseCrashlytics */ = {
			isa = XCSwiftPackageProductDependency;
			package = 27B10B792B0B0AD100403F01 /* XCRemoteSwiftPackageReference "firebase-ios-sdk" */;
			productName = FirebaseCrashlytics;
		};
		27B10B882B0B0AD100403F01 /* FirebaseDatabase */ = {
			isa = XCSwiftPackageProductDependency;
			package = 27B10B792B0B0AD100403F01 /* XCRemoteSwiftPackageReference "firebase-ios-sdk" */;
			productName = FirebaseDatabase;
		};
		27B10B8A2B0B0AD100403F01 /* FirebaseDatabaseSwift */ = {
			isa = XCSwiftPackageProductDependency;
			package = 27B10B792B0B0AD100403F01 /* XCRemoteSwiftPackageReference "firebase-ios-sdk" */;
			productName = FirebaseDatabaseSwift;
		};
		27B10B8C2B0B0AD100403F01 /* FirebaseFirestore */ = {
			isa = XCSwiftPackageProductDependency;
			package = 27B10B792B0B0AD100403F01 /* XCRemoteSwiftPackageReference "firebase-ios-sdk" */;
			productName = FirebaseFirestore;
		};
		27B10B8E2B0B0AD100403F01 /* FirebaseFirestoreCombine-Community */ = {
			isa = XCSwiftPackageProductDependency;
			package = 27B10B792B0B0AD100403F01 /* XCRemoteSwiftPackageReference "firebase-ios-sdk" */;
			productName = "FirebaseFirestoreCombine-Community";
		};
		27B10B902B0B0AD100403F01 /* FirebaseFirestoreSwift */ = {
			isa = XCSwiftPackageProductDependency;
			package = 27B10B792B0B0AD100403F01 /* XCRemoteSwiftPackageReference "firebase-ios-sdk" */;
			productName = FirebaseFirestoreSwift;
		};
		27B10B922B0B0AD100403F01 /* FirebaseStorage */ = {
			isa = XCSwiftPackageProductDependency;
			package = 27B10B792B0B0AD100403F01 /* XCRemoteSwiftPackageReference "firebase-ios-sdk" */;
			productName = FirebaseStorage;
		};
		27B10B942B0B0AD100403F01 /* FirebaseStorageCombine-Community */ = {
			isa = XCSwiftPackageProductDependency;
			package = 27B10B792B0B0AD100403F01 /* XCRemoteSwiftPackageReference "firebase-ios-sdk" */;
			productName = "FirebaseStorageCombine-Community";
		};
/* End XCSwiftPackageProductDependency section */
	};
	rootObject = 27B10AD32B0ABDD100403F01 /* Project object */;
}
